lockfileVersion: '9.0'

settings:
  autoInstallPeers: true
  excludeLinksFromLockfile: false

importers:

  .:
    dependencies:
      '@arkade-os/sdk':
        specifier: ^0.4.67
        version: 0.4.67
      '@scure/base':
        specifier: 2.3.0
        version: 2.3.0
      eventsource:
        specifier: ^4.1.1
        version: 4.1.1

packages:

  '@arkade-os/sdk@0.4.67':
    resolution: {integrity: sha512-fgX0WtzNj6ncCZmzHdjVxM/XJvFSZrojalOaunfKwYtcU+RJco3mPaiVBl2RogrRsQCc8kqraE3fisaM0LAxZA==}
    engines: {node: '>=22.12.0 <27'}
    peerDependencies:
      '@react-native-async-storage/async-storage': '>=1.0.0'
      expo: '>=54.0.0'
      expo-background-task: ~1.0.10 || >=55.0.0
      expo-sqlite: ~16.0.10 || >=55.0.0
      expo-task-manager: ~14.0.9 || >=55.0.0
    peerDependenciesMeta:
      '@react-native-async-storage/async-storage':
        optional: true
      expo:
        optional: true
      expo-background-task:
        optional: true
      expo-sqlite:
        optional: true
      expo-task-manager:
        optional: true

  '@bitcoinerlab/descriptors-core@3.1.7':
    resolution: {integrity: sha512-7VccUDvKcHK7RF07Vo19Obax9jO3wlPWIXtvXy61GBqXptKv156O9Z4+sm2py1CuxPRpTXHlvH70G4KVVDoKlw==}
    engines: {node: '>=20.19.0'}
    peerDependencies:
      '@ledgerhq/ledger-bitcoin': ^0.3.1
      '@noble/curves': ^2.0.1
      '@noble/hashes': ^2.0.1
      '@scure/base': ^2.0.0
      '@scure/bip32': ^2.0.1
      '@scure/btc-signer': ^2.0.1
      bip32: ^5.0.1
      bitcoinjs-lib: ^7.0.1
      ecpair: ^3.0.1
    peerDependenciesMeta:
      '@ledgerhq/ledger-bitcoin':
        optional: true
      '@noble/curves':
        optional: true
      '@noble/hashes':
        optional: true
      '@scure/base':
        optional: true
      '@scure/bip32':
        optional: true
      '@scure/btc-signer':
        optional: true
      bip32:
        optional: true
      bitcoinjs-lib:
        optional: true
      ecpair:
        optional: true

  '@bitcoinerlab/descriptors-scure@3.1.7':
    resolution: {integrity: sha512-jeyi8L3hzOquJn3t5w+NY3G93B/amZw83xeF8hrpwe7w4FMt2SH2o9rithEydQ2tP3Tlqfog+LnJOOChmfFPWw==}
    engines: {node: '>=20.19.0'}
    peerDependencies:
      '@ledgerhq/ledger-bitcoin': ^0.3.1
    peerDependenciesMeta:
      '@ledgerhq/ledger-bitcoin':
        optional: true

  '@bitcoinerlab/miniscript@2.0.0':
    resolution: {integrity: sha512-P8yyubPf6lphmIZfyD/ZbhT/umJX7zH1mKjGql7z0Qt+xuffnz2AueQqq2/01VE2rTIq80VM0oRFdJClGBYx/g==}

  '@marcbachmann/cel-js@8.0.0':
    resolution: {integrity: sha512-oaTrAziGr3zDLFiMt/yLU3nZuRMawyWQB5X1a0I7s9eGy3JYzX9l8ZXXHyMd64nzbeVFZTewuUShwsZQdK6UCA==}
    engines: {node: '>=20.19.0'}
    hasBin: true

  '@noble/curves@2.0.1':
    resolution: {integrity: sha512-vs1Az2OOTBiP4q0pwjW5aF0xp9n4MxVrmkFBxc6EKZc6ddYx5gaZiAsZoq0uRRXWbi3AT/sBqn05eRPtn1JCPw==}
    engines: {node: '>= 20.19.0'}

  '@noble/curves@2.3.0':
    resolution: {integrity: sha512-v7cY+4oWYPQszRj6ZFGzTVL7uP2TaLo1xMhWHzYC5wj0ZhOXQ5x+sBre8rF3hi8cAoi0bh1qXoovoOkdFtvqEg==}
    engines: {node: '>= 20.19.0'}

  '@noble/hashes@2.0.1':
    resolution: {integrity: sha512-XlOlEbQcE9fmuXxrVTXCTlG2nlRXa9Rj3rr5Ue/+tX+nmkgbX720YHh0VR3hBF9xDvwnb8D2shVGOwNx+ulArw==}
    engines: {node: '>= 20.19.0'}

  '@noble/hashes@2.3.0':
    resolution: {integrity: sha512-oN+QwyX7VSHotibwubG3kpzbwKrfnyR6OOO+3Nk/53ADL7FmgHHz4TgrbaYKvvOw09u6QTx0oiH1cNCIOuN0CQ==}
    engines: {node: '>= 20.19.0'}

  '@noble/secp256k1@3.0.0':
    resolution: {integrity: sha512-NJBaR352KyIvj3t6sgT/+7xrNyF9Xk9QlLSIqUGVUYlsnDTAUqY8LOmwpcgEx4AMJXRITQ5XEVHD+mMaPfr3mg==}

  '@scure/base@2.0.0':
    resolution: {integrity: sha512-3E1kpuZginKkek01ovG8krQ0Z44E3DHPjc5S2rjJw9lZn3KSQOs8S7wqikF/AH7iRanHypj85uGyxk0XAyC37w==}

  '@scure/base@2.3.0':
    resolution: {integrity: sha512-NsG6Y03tY6R5BUis4FdVtHVkur0U6FOzskgs9ZXNl78CUc9fkZ78HmENUle1nSOkCasDmbubmWD9qwB7mm4PZA==}

  '@scure/bip32@2.3.0':
    resolution: {integrity: sha512-mMPjNcXxJsvNveIgRIXrnwd4omu0wdXo4JowAUZO7/82+/bpAwVltclx6MG6nv2M3dA6IbfVv4xwWxaREm3OcA==}

  '@scure/bip39@2.0.1':
    resolution: {integrity: sha512-PsxdFj/d2AcJcZDX1FXN3dDgitDDTmwf78rKZq1a6c1P1Nan1X/Sxc7667zU3U+AN60g7SxxP0YCVw2H/hBycg==}

  '@scure/btc-signer@2.0.1':
    resolution: {integrity: sha512-vk5a/16BbSFZkhh1JIJ0+4H9nceZVo5WzKvJGGWiPp3sQOExeW+L53z3dI6u0adTPoE8ZbL+XEb6hEGzVZSvvQ==}

  bip68@1.0.4:
    resolution: {integrity: sha512-O1htyufFTYy3EO0JkHg2CLykdXEtV2ssqw47Gq9A0WByp662xpJnMEB9m43LZjsSDjIAOozWRExlFQk2hlV1XQ==}
    engines: {node: '>=4.5.0'}

  eventsource-parser@3.1.1:
    resolution: {integrity: sha512-EKN1vKAMcZ8MlYMpaNuxN6R9yakzH6uajHcHVTqWJzvu5pWw9DyhbP35HH8MVBQ+dZjAfDxk+A8NiR9KWaXiyQ==}
    engines: {node: '>=18.0.0'}

  eventsource@4.1.1:
    resolution: {integrity: sha512-D6bTRWh6KahHTK/m4WnjPQyEinNPf9eFLEZSEoj7d6fTibspnAVYfzHvirL7u/aoX5d9YYfIkBVAhmigUELk9w==}
    engines: {node: '>=20.0.0'}

  isomorphic-ws@5.0.0:
    resolution: {integrity: sha512-muId7Zzn9ywDsyXgTIafTry2sV3nySZeUDe6YedVd1Hvuuep5AsIlqK+XefWpYTyJG5e503F2xIuT2lcU6rCSw==}
    peerDependencies:
      ws: '*'

  lodash.memoize@4.1.2:
    resolution: {integrity: sha512-t7j+NzmgnQzTAYXcsHYLgimltOV1MXHtlOWf6GjL9Kj8GK5FInw5JotxvbOs+IvV1/Dzo04/fCGfLVs7aXb4Ag==}

  micro-packed@0.8.0:
    resolution: {integrity: sha512-AKb8znIvg9sooythbXzyFeChEY0SkW0C6iXECpy/ls0e5BtwXO45J9wD9SLzBztnS4XmF/5kwZknsq+jyynd/A==}
    engines: {node: '>= 20.19.0'}

  uint8array-tools@0.0.8:
    resolution: {integrity: sha512-xS6+s8e0Xbx++5/0L+yyexukU7pz//Yg6IHg3BKhXotg1JcYtgxVcUctQ0HxLByiJzpAkNFawz1Nz5Xadzo82g==}
    engines: {node: '>=14.0.0'}

  uint8array-tools@0.0.9:
    resolution: {integrity: sha512-9vqDWmoSXOoi+K14zNaf6LBV51Q8MayF0/IiQs3GlygIKUYtog603e6virExkjjFosfJUBI4LhbQK1iq8IG11A==}
    engines: {node: '>=14.0.0'}

  varuint-bitcoin@2.0.0:
    resolution: {integrity: sha512-6QZbU/rHO2ZQYpWFDALCDSRsXbAs1VOEmXAxtbtjLtKuMJ/FQ8YbhfxlaiKv5nklci0M6lZtlZyxo9Q+qNnyog==}

  ws-electrumx-client@1.0.5:
    resolution: {integrity: sha512-pBjfFqb9j2FBz7NPbnd8r2lOYanEw8ACzfKxOtHCgEGqre5QiTax5XHLVgbsiOvST0vmsHAiMtkJPvsZm77PIQ==}
    engines: {node: '>=10'}

  ws@8.21.3:
    resolution: {integrity: sha512-201TZ/kPWxoPr/OKWjquZR1SWKXcvxdH+e1xrx89b3YbmzLMFCLfnaG1HFIgWzJOEWZ7MvpK++odZufgYR50Rw==}
    engines: {node: '>=10.0.0'}
    peerDependencies:
      bufferutil: ^4.0.1
      utf-8-validate: '>=5.0.2'
    peerDependenciesMeta:
      bufferutil:
        optional: true
      utf-8-validate:
        optional: true

snapshots:

  '@arkade-os/sdk@0.4.67':
    dependencies:
      '@bitcoinerlab/descriptors-scure': 3.1.7
      '@marcbachmann/cel-js': 8.0.0
      '@noble/curves': 2.0.1
      '@noble/secp256k1': 3.0.0
      '@scure/base': 2.0.0
      '@scure/bip39': 2.0.1
      '@scure/btc-signer': 2.0.1
      bip68: 1.0.4
      ws-electrumx-client: 1.0.5
    transitivePeerDependencies:
      - '@ledgerhq/ledger-bitcoin'
      - bip32
      - bitcoinjs-lib
      - bufferutil
      - ecpair
      - utf-8-validate

  '@bitcoinerlab/descriptors-core@3.1.7(@noble/curves@2.3.0)(@noble/hashes@2.3.0)(@scure/base@2.3.0)(@scure/bip32@2.3.0)(@scure/btc-signer@2.0.1)':
    dependencies:
      '@bitcoinerlab/miniscript': 2.0.0
      lodash.memoize: 4.1.2
      uint8array-tools: 0.0.9
      varuint-bitcoin: 2.0.0
    optionalDependencies:
      '@noble/curves': 2.3.0
      '@noble/hashes': 2.3.0
      '@scure/base': 2.3.0
      '@scure/bip32': 2.3.0
      '@scure/btc-signer': 2.0.1

  '@bitcoinerlab/descriptors-scure@3.1.7':
    dependencies:
      '@bitcoinerlab/descriptors-core': 3.1.7(@noble/curves@2.3.0)(@noble/hashes@2.3.0)(@scure/base@2.3.0)(@scure/bip32@2.3.0)(@scure/btc-signer@2.0.1)
      '@noble/curves': 2.3.0
      '@noble/hashes': 2.3.0
      '@scure/base': 2.3.0
      '@scure/bip32': 2.3.0
      '@scure/btc-signer': 2.0.1
    transitivePeerDependencies:
      - bip32
      - bitcoinjs-lib
      - ecpair

  '@bitcoinerlab/miniscript@2.0.0':
    dependencies:
      bip68: 1.0.4

  '@marcbachmann/cel-js@8.0.0': {}

  '@noble/curves@2.0.1':
    dependencies:
      '@noble/hashes': 2.0.1

  '@noble/curves@2.3.0':
    dependencies:
      '@noble/hashes': 2.3.0

  '@noble/hashes@2.0.1': {}

  '@noble/hashes@2.3.0': {}

  '@noble/secp256k1@3.0.0': {}

  '@scure/base@2.0.0': {}

  '@scure/base@2.3.0': {}

  '@scure/bip32@2.3.0':
    dependencies:
      '@noble/curves': 2.3.0
      '@noble/hashes': 2.3.0
      '@scure/base': 2.3.0

  '@scure/bip39@2.0.1':
    dependencies:
      '@noble/hashes': 2.0.1
      '@scure/base': 2.0.0

  '@scure/btc-signer@2.0.1':
    dependencies:
      '@noble/curves': 2.0.1
      '@noble/hashes': 2.0.1
      '@scure/base': 2.0.0
      micro-packed: 0.8.0

  bip68@1.0.4: {}

  eventsource-parser@3.1.1: {}

  eventsource@4.1.1:
    dependencies:
      eventsource-parser: 3.1.1

  isomorphic-ws@5.0.0(ws@8.21.3):
    dependencies:
      ws: 8.21.3

  lodash.memoize@4.1.2: {}

  micro-packed@0.8.0:
    dependencies:
      '@scure/base': 2.0.0

  uint8array-tools@0.0.8: {}

  uint8array-tools@0.0.9: {}

  varuint-bitcoin@2.0.0:
    dependencies:
      uint8array-tools: 0.0.8

  ws-electrumx-client@1.0.5:
    dependencies:
      isomorphic-ws: 5.0.0(ws@8.21.3)
      ws: 8.21.3
    transitivePeerDependencies:
      - bufferutil
      - utf-8-validate

  ws@8.21.3: {}
