lockfileVersion: '9.0'

settings:
  autoInstallPeers: true
  excludeLinksFromLockfile: false

importers:

  .:
    dependencies:
      '@arkade-os/sdk':
        specifier: ^0.4.74
        version: 0.4.74
      '@scure/base':
        specifier: ^2.4.0
        version: 2.4.0
    devDependencies:
      '@types/node':
        specifier: ^26.6.2
        version: 26.6.2
      typescript:
        specifier: ^7.0.2
        version: 7.0.2

packages:

  '@arkade-os/sdk@0.4.74':
    resolution: {integrity: sha512-i3tcSv8VoCOIZC7wUy8+Qh9hH91I4Zf/E9GSepD3clXuHTV11hcqLcWnrofPz6HGL0n5WXt0kB+HVx2xG6g6hQ==}
    engines: {node: '>=22.12.0 <27'}
    peerDependencies:
      '@react-native-async-storage/async-storage': '>=1.0.0'
      expo: '>=54.0.0'
      expo-background-task: ~1.0.10 || >=55.0.0
      expo-sqlite: ~16.0.10 || >=55.0.0
      expo-task-manager: ~14.0.9 || >=55.0.0
    peerDependenciesMeta:
      '@react-native-async-storage/async-storage':
        optional: true
      expo:
        optional: true
      expo-background-task:
        optional: true
      expo-sqlite:
        optional: true
      expo-task-manager:
        optional: true

  '@bitcoinerlab/descriptors-core@3.1.7':
    resolution: {integrity: sha512-7VccUDvKcHK7RF07Vo19Obax9jO3wlPWIXtvXy61GBqXptKv156O9Z4+sm2py1CuxPRpTXHlvH70G4KVVDoKlw==}
    engines: {node: '>=20.19.0'}
    peerDependencies:
      '@ledgerhq/ledger-bitcoin': ^0.3.1
      '@noble/curves': ^2.0.1
      '@noble/hashes': ^2.0.1
      '@scure/base': ^2.0.0
      '@scure/bip32': ^2.0.1
      '@scure/btc-signer': ^2.0.1
      bip32: ^5.0.1
      bitcoinjs-lib: ^7.0.1
      ecpair: ^3.0.1
    peerDependenciesMeta:
      '@ledgerhq/ledger-bitcoin':
        optional: true
      '@noble/curves':
        optional: true
      '@noble/hashes':
        optional: true
      '@scure/base':
        optional: true
      '@scure/bip32':
        optional: true
      '@scure/btc-signer':
        optional: true
      bip32:
        optional: true
      bitcoinjs-lib:
        optional: true
      ecpair:
        optional: true

  '@bitcoinerlab/descriptors-scure@3.1.7':
    resolution: {integrity: sha512-jeyi8L3hzOquJn3t5w+NY3G93B/amZw83xeF8hrpwe7w4FMt2SH2o9rithEydQ2tP3Tlqfog+LnJOOChmfFPWw==}
    engines: {node: '>=20.19.0'}
    peerDependencies:
      '@ledgerhq/ledger-bitcoin': ^0.3.1
    peerDependenciesMeta:
      '@ledgerhq/ledger-bitcoin':
        optional: true

  '@bitcoinerlab/miniscript@2.0.0':
    resolution: {integrity: sha512-P8yyubPf6lphmIZfyD/ZbhT/umJX7zH1mKjGql7z0Qt+xuffnz2AueQqq2/01VE2rTIq80VM0oRFdJClGBYx/g==}

  '@marcbachmann/cel-js@8.0.0':
    resolution: {integrity: sha512-oaTrAziGr3zDLFiMt/yLU3nZuRMawyWQB5X1a0I7s9eGy3JYzX9l8ZXXHyMd64nzbeVFZTewuUShwsZQdK6UCA==}
    engines: {node: '>=20.19.0'}
    hasBin: true

  '@noble/curves@2.0.1':
    resolution: {integrity: sha512-vs1Az2OOTBiP4q0pwjW5aF0xp9n4MxVrmkFBxc6EKZc6ddYx5gaZiAsZoq0uRRXWbi3AT/sBqn05eRPtn1JCPw==}
    engines: {node: '>= 20.19.0'}

  '@noble/curves@2.4.0':
    resolution: {integrity: sha512-P4/62zrgfH33CneE3Dn4WhJVA22YUU0eR51wKIan4NVRvwsA0YnPTwWGpNbpuacSujmSFLvyzpyuR30+fbq2Ew==}
    engines: {node: '>= 20.19.0'}

  '@noble/hashes@2.0.1':
    resolution: {integrity: sha512-XlOlEbQcE9fmuXxrVTXCTlG2nlRXa9Rj3rr5Ue/+tX+nmkgbX720YHh0VR3hBF9xDvwnb8D2shVGOwNx+ulArw==}
    engines: {node: '>= 20.19.0'}

  '@noble/hashes@2.4.0':
    resolution: {integrity: sha512-X5XaVWZIBCT7HHZGm5I7ZQXDwLG+bGXuSrMQAW+7Zvl87h1kmc1ZB1VSRJcpUfoUrGQp4Fkoxm5kZ+Ms+aW+eA==}
    engines: {node: '>= 20.19.0'}

  '@noble/secp256k1@3.0.0':
    resolution: {integrity: sha512-NJBaR352KyIvj3t6sgT/+7xrNyF9Xk9QlLSIqUGVUYlsnDTAUqY8LOmwpcgEx4AMJXRITQ5XEVHD+mMaPfr3mg==}

  '@scure/base@2.0.0':
    resolution: {integrity: sha512-3E1kpuZginKkek01ovG8krQ0Z44E3DHPjc5S2rjJw9lZn3KSQOs8S7wqikF/AH7iRanHypj85uGyxk0XAyC37w==}

  '@scure/base@2.4.0':
    resolution: {integrity: sha512-thZ1TuJwFwBblOhgsjDKvvGirBxNp+wSvY/DR6tJBJOTDhdAAcHJ8Vbr2eFnqaxeca4+t0i9KBf+uHYGWwZORg==}

  '@scure/bip32@2.4.0':
    resolution: {integrity: sha512-i3DS0CptAocyvqE4n3SUkpzeQK4vJMFwWLofTwRiiKo2aWojBOfyMCgfKw9HVpO6fSY5AK86sHS/Uzn8kK9Few==}

  '@scure/bip39@2.0.1':
    resolution: {integrity: sha512-PsxdFj/d2AcJcZDX1FXN3dDgitDDTmwf78rKZq1a6c1P1Nan1X/Sxc7667zU3U+AN60g7SxxP0YCVw2H/hBycg==}

  '@scure/btc-signer@2.0.1':
    resolution: {integrity: sha512-vk5a/16BbSFZkhh1JIJ0+4H9nceZVo5WzKvJGGWiPp3sQOExeW+L53z3dI6u0adTPoE8ZbL+XEb6hEGzVZSvvQ==}

  '@types/node@26.6.2':
    resolution: {integrity: sha512-X1P21scMv4zGKLYqjdGjaKa7COa0RKVYYZZN/NfvLQ1JegxFhdhpZG/Lyn8AXx6CDUavKAd11v6BvfpkDByK8g==}

  '@typescript/typescript-aix-ppc64@7.0.2':
    resolution: {integrity: sha512-MTKKkWB7p/0E9xi1d1tHtZ5PiLkGEMIq88pK2CubZjOsLtYTLqhgIgi6zepFa+9GHZ6h05NMCkQxGKiPXMxXtQ==}
    engines: {node: '>=16.20.0'}
    cpu: [ppc64]
    os: [aix]

  '@typescript/typescript-darwin-arm64@7.0.2':
    resolution: {integrity: sha512-gowzar9MwS/aRWp6f3a4KUqzRjAZjOsmGNCM6LcTgXum+dBfgsBVMN+AgvOCCbguXyick6LJhpBszxMebJ8syA==}
    engines: {node: '>=16.20.0'}
    cpu: [arm64]
    os: [darwin]

  '@typescript/typescript-darwin-x64@7.0.2':
    resolution: {integrity: sha512-SZ9xZInqApNlNGc9s0W1VSsktYSOe9cFqNOIqmN1Gs8SmkjKZYFt017G4VwPxASInODuAdbTW7sXiFUf893RgA==}
    engines: {node: '>=16.20.0'}
    cpu: [x64]
    os: [darwin]

  '@typescript/typescript-freebsd-arm64@7.0.2':
    resolution: {integrity: sha512-W5NH4y/J0plIIS5b2xvTEkU7JFxyqdMAOgf+Ilhl0vHQXKO5dZoxd+C/jEtq56c4F3wk71RB4BMRQ2XdI+bwYQ==}
    engines: {node: '>=16.20.0'}
    cpu: [arm64]
    os: [freebsd]

  '@typescript/typescript-freebsd-x64@7.0.2':
    resolution: {integrity: sha512-UMGDx5sTpzNw3WiPebH7l90IWfJggEd+egHt/q6p7/Cm3zqoV7VxkGXt+3DxPIw8CcmvAB0j3sVVfbhX+M4Tpw==}
    engines: {node: '>=16.20.0'}
    cpu: [x64]
    os: [freebsd]

  '@typescript/typescript-linux-arm64@7.0.2':
    resolution: {integrity: sha512-Qh4eU4/y3yDjnfjjyPYihMj5/ODIlmt+Bzu17OI+fiSRDW57QmU5SiN63exPRNJPKUzcc1INa1NXdrJ+MqHjUQ==}
    engines: {node: '>=16.20.0'}
    cpu: [arm64]
    os: [linux]

  '@typescript/typescript-linux-arm@7.0.2':
    resolution: {integrity: sha512-gffT3xPz9sR7j/YJExkyPntrI0P2EP9XbOyWzth2/Gs0RstK+90RBcO0ncXoXy/beYll1SXw846Nf2zdnEz0QQ==}
    engines: {node: '>=16.20.0'}
    cpu: [arm]
    os: [linux]

  '@typescript/typescript-linux-loong64@7.0.2':
    resolution: {integrity: sha512-uEHck9i8hoAzXPiYRib1O7miOnz23SxIeVl6F4LXox+qov1K35jHcEW6VHKvZI+pyvl7fZEP4MCU5LYvIq1GuQ==}
    engines: {node: '>=16.20.0'}
    cpu: [loong64]
    os: [linux]

  '@typescript/typescript-linux-mips64el@7.0.2':
    resolution: {integrity: sha512-R4KvAMnE43W5Qeqb0Ly56O3mWMWIAgsMyz36DCaycd5nbg/9kzm0liw3JocfRqyJY0KPmzFjbswozXyW0DnIYA==}
    engines: {node: '>=16.20.0'}
    cpu: [mips64el]
    os: [linux]

  '@typescript/typescript-linux-ppc64@7.0.2':
    resolution: {integrity: sha512-DORx5b3sd/4S7eayxm4FQv+A7CrkUIGRaHiwI8oiHTAI1fAPWhF4J0vAlkC8biAlHSVVwxMQ3tjZ2/DVbnQiiA==}
    engines: {node: '>=16.20.0'}
    cpu: [ppc64]
    os: [linux]

  '@typescript/typescript-linux-riscv64@7.0.2':
    resolution: {integrity: sha512-wf0jqEDOjrPRnKwYRyyJDRo11KMbvMFrU+q4zqKyChODBzvlkbhNQfKvLxQCcwTpdDaXSHZTVuh0JoCrKCUMHQ==}
    engines: {node: '>=16.20.0'}
    cpu: [riscv64]
    os: [linux]

  '@typescript/typescript-linux-s390x@7.0.2':
    resolution: {integrity: sha512-IkwJc3L7yhytWd/ewjyxNDfOmswCm9GWMJT/ue/dU4aZNbwZeYAetq42VyLmsmSjvoX7z74X6ZaYCtzAr0EuGw==}
    engines: {node: '>=16.20.0'}
    cpu: [s390x]
    os: [linux]

  '@typescript/typescript-linux-x64@7.0.2':
    resolution: {integrity: sha512-EYdf2cNg7rgCWJnxCdJ+F3V39O8ihb37eHAu1LK8oAFizgTQbPOK7zHHXbPt8rX24COqODXeI3sIf0fCXG7H/A==}
    engines: {node: '>=16.20.0'}
    cpu: [x64]
    os: [linux]

  '@typescript/typescript-netbsd-arm64@7.0.2':
    resolution: {integrity: sha512-+polYF4MF04aPpO5FTkHran9yUQDSXqy5GiSDKpsll5jy3l3+g9QLhpf39T+ePtefhXLOGrLl0QIjkQP6VnelA==}
    engines: {node: '>=16.20.0'}
    cpu: [arm64]
    os: [netbsd]

  '@typescript/typescript-netbsd-x64@7.0.2':
    resolution: {integrity: sha512-8YIT0EHM/3dq10ZOVF/A7pc/YSMtbcecct4rWtexrnSCHOPcpC2KTLXfTCR6vDpnSiY12heNb1GiN/wu+T/FyA==}
    engines: {node: '>=16.20.0'}
    cpu: [x64]
    os: [netbsd]

  '@typescript/typescript-openbsd-arm64@7.0.2':
    resolution: {integrity: sha512-APT8+ClYnuYm1u9+kgGXoMj2VzWzcymwh2gNSQVySHfkRDGOTVkoWLjCmOQSaO+PoqQ57B0flRp9SA+7GnnkzQ==}
    engines: {node: '>=16.20.0'}
    cpu: [arm64]
    os: [openbsd]

  '@typescript/typescript-openbsd-x64@7.0.2':
    resolution: {integrity: sha512-yX7s+Q0Dln0Dt9tEzZsAjXXR/+ytBM7AlglaqyeMPxQszJ1JhlJdZ6jLA+IzldHtflX81em7lDao1xXu+aRRkg==}
    engines: {node: '>=16.20.0'}
    cpu: [x64]
    os: [openbsd]

  '@typescript/typescript-sunos-x64@7.0.2':
    resolution: {integrity: sha512-dLJDGaLZ1D4HPQn62u1n8mBDkJREwMsAkCdkwd4Ieqw+x3TUyTsqY0YiBCtE6H6OzzgGk3iuZ3vFWRS+E8/d1g==}
    engines: {node: '>=16.20.0'}
    cpu: [x64]
    os: [sunos]

  '@typescript/typescript-win32-arm64@7.0.2':
    resolution: {integrity: sha512-Gyl1Vy6OsWesLzmq+EP0Fb7b4Nid5232AvcA2SFcdYreldpNtYFFofPjnt62y9hQy7VTaZp65ICJjuAQRaVcIQ==}
    engines: {node: '>=16.20.0'}
    cpu: [arm64]
    os: [win32]

  '@typescript/typescript-win32-x64@7.0.2':
    resolution: {integrity: sha512-0BQ3HkAHHlKLSp1qRvf3SUhGpGsDuhB/jgFw75guyqbxJqEaS0Cw/VFO8i2nHglJUzQCRtMMR/IBAKE3ETMC4g==}
    engines: {node: '>=16.20.0'}
    cpu: [x64]
    os: [win32]

  bip68@1.0.4:
    resolution: {integrity: sha512-O1htyufFTYy3EO0JkHg2CLykdXEtV2ssqw47Gq9A0WByp662xpJnMEB9m43LZjsSDjIAOozWRExlFQk2hlV1XQ==}
    engines: {node: '>=4.5.0'}

  isomorphic-ws@5.0.0:
    resolution: {integrity: sha512-muId7Zzn9ywDsyXgTIafTry2sV3nySZeUDe6YedVd1Hvuuep5AsIlqK+XefWpYTyJG5e503F2xIuT2lcU6rCSw==}
    peerDependencies:
      ws: '*'

  lodash.memoize@4.1.2:
    resolution: {integrity: sha512-t7j+NzmgnQzTAYXcsHYLgimltOV1MXHtlOWf6GjL9Kj8GK5FInw5JotxvbOs+IvV1/Dzo04/fCGfLVs7aXb4Ag==}

  micro-packed@0.8.0:
    resolution: {integrity: sha512-AKb8znIvg9sooythbXzyFeChEY0SkW0C6iXECpy/ls0e5BtwXO45J9wD9SLzBztnS4XmF/5kwZknsq+jyynd/A==}
    engines: {node: '>= 20.19.0'}

  typescript@7.0.2:
    resolution: {integrity: sha512-8FYau96o3NKOhbjKi/qNvG/W5jhzxkbdm5sj9AbZ/5T5sWqn3hJgLfGx27sRKZWTvyzCP8dLRBTf5tBTSRVUNA==}
    engines: {node: '>=16.20.0'}
    hasBin: true

  uint8array-tools@0.0.10:
    resolution: {integrity: sha512-sSbrZqlr04w4p8KKpHw0ME/R4JzQaadum+BWhMlk2M7LrDyXWTfJOco3d1jNMdQNxgk5DDm88R3IWYH0nR+tzQ==}
    engines: {node: '>=14.0.0'}

  uint8array-tools@0.0.9:
    resolution: {integrity: sha512-9vqDWmoSXOoi+K14zNaf6LBV51Q8MayF0/IiQs3GlygIKUYtog603e6virExkjjFosfJUBI4LhbQK1iq8IG11A==}
    engines: {node: '>=14.0.0'}

  undici-types@8.9.0:
    resolution: {integrity: sha512-KTDyRTYX8sWmKXAikPHHSyc63CRPETMctyjKFupcC6OBLXT3xsN0e9aF7m+mIXutFWpUXuedtowG7iLOzp0kQg==}

  varuint-bitcoin@2.0.1:
    resolution: {integrity: sha512-TTl5qSPJ3FzjuTHo0Ex9WUE3jTxnUsQHR38vIDhHApoVstzJK4gE20WqmTWOT5oo7ilvOSNejXt4CJrfDcqm5A==}

  ws-electrumx-client@1.0.5:
    resolution: {integrity: sha512-pBjfFqb9j2FBz7NPbnd8r2lOYanEw8ACzfKxOtHCgEGqre5QiTax5XHLVgbsiOvST0vmsHAiMtkJPvsZm77PIQ==}
    engines: {node: '>=10'}

  ws@8.21.3:
    resolution: {integrity: sha512-201TZ/kPWxoPr/OKWjquZR1SWKXcvxdH+e1xrx89b3YbmzLMFCLfnaG1HFIgWzJOEWZ7MvpK++odZufgYR50Rw==}
    engines: {node: '>=10.0.0'}
    peerDependencies:
      bufferutil: ^4.0.1
      utf-8-validate: '>=5.0.2'
    peerDependenciesMeta:
      bufferutil:
        optional: true
      utf-8-validate:
        optional: true

snapshots:

  '@arkade-os/sdk@0.4.74':
    dependencies:
      '@bitcoinerlab/descriptors-scure': 3.1.7
      '@marcbachmann/cel-js': 8.0.0
      '@noble/curves': 2.0.1
      '@noble/secp256k1': 3.0.0
      '@scure/base': 2.0.0
      '@scure/bip39': 2.0.1
      '@scure/btc-signer': 2.0.1
      bip68: 1.0.4
      ws-electrumx-client: 1.0.5
    transitivePeerDependencies:
      - '@ledgerhq/ledger-bitcoin'
      - bip32
      - bitcoinjs-lib
      - bufferutil
      - ecpair
      - utf-8-validate

  '@bitcoinerlab/descriptors-core@3.1.7(@noble/curves@2.0.1)(@noble/hashes@2.4.0)(@scure/base@2.4.0)(@scure/bip32@2.4.0)(@scure/btc-signer@2.0.1)':
    dependencies:
      '@bitcoinerlab/miniscript': 2.0.0
      lodash.memoize: 4.1.2
      uint8array-tools: 0.0.9
      varuint-bitcoin: 2.0.1
    optionalDependencies:
      '@noble/curves': 2.0.1
      '@noble/hashes': 2.4.0
      '@scure/base': 2.4.0
      '@scure/bip32': 2.4.0
      '@scure/btc-signer': 2.0.1

  '@bitcoinerlab/descriptors-scure@3.1.7':
    dependencies:
      '@bitcoinerlab/descriptors-core': 3.1.7(@noble/curves@2.0.1)(@noble/hashes@2.4.0)(@scure/base@2.4.0)(@scure/bip32@2.4.0)(@scure/btc-signer@2.0.1)
      '@noble/curves': 2.0.1
      '@noble/hashes': 2.4.0
      '@scure/base': 2.4.0
      '@scure/bip32': 2.4.0
      '@scure/btc-signer': 2.0.1
    transitivePeerDependencies:
      - bip32
      - bitcoinjs-lib
      - ecpair

  '@bitcoinerlab/miniscript@2.0.0':
    dependencies:
      bip68: 1.0.4

  '@marcbachmann/cel-js@8.0.0': {}

  '@noble/curves@2.0.1':
    dependencies:
      '@noble/hashes': 2.0.1

  '@noble/curves@2.4.0':
    dependencies:
      '@noble/hashes': 2.4.0

  '@noble/hashes@2.0.1': {}

  '@noble/hashes@2.4.0': {}

  '@noble/secp256k1@3.0.0': {}

  '@scure/base@2.0.0': {}

  '@scure/base@2.4.0': {}

  '@scure/bip32@2.4.0':
    dependencies:
      '@noble/curves': 2.4.0
      '@noble/hashes': 2.4.0
      '@scure/base': 2.4.0

  '@scure/bip39@2.0.1':
    dependencies:
      '@noble/hashes': 2.0.1
      '@scure/base': 2.0.0

  '@scure/btc-signer@2.0.1':
    dependencies:
      '@noble/curves': 2.0.1
      '@noble/hashes': 2.0.1
      '@scure/base': 2.0.0
      micro-packed: 0.8.0

  '@types/node@26.6.2':
    dependencies:
      undici-types: 8.9.0

  '@typescript/typescript-aix-ppc64@7.0.2':
    optional: true

  '@typescript/typescript-darwin-arm64@7.0.2':
    optional: true

  '@typescript/typescript-darwin-x64@7.0.2':
    optional: true

  '@typescript/typescript-freebsd-arm64@7.0.2':
    optional: true

  '@typescript/typescript-freebsd-x64@7.0.2':
    optional: true

  '@typescript/typescript-linux-arm64@7.0.2':
    optional: true

  '@typescript/typescript-linux-arm@7.0.2':
    optional: true

  '@typescript/typescript-linux-loong64@7.0.2':
    optional: true

  '@typescript/typescript-linux-mips64el@7.0.2':
    optional: true

  '@typescript/typescript-linux-ppc64@7.0.2':
    optional: true

  '@typescript/typescript-linux-riscv64@7.0.2':
    optional: true

  '@typescript/typescript-linux-s390x@7.0.2':
    optional: true

  '@typescript/typescript-linux-x64@7.0.2':
    optional: true

  '@typescript/typescript-netbsd-arm64@7.0.2':
    optional: true

  '@typescript/typescript-netbsd-x64@7.0.2':
    optional: true

  '@typescript/typescript-openbsd-arm64@7.0.2':
    optional: true

  '@typescript/typescript-openbsd-x64@7.0.2':
    optional: true

  '@typescript/typescript-sunos-x64@7.0.2':
    optional: true

  '@typescript/typescript-win32-arm64@7.0.2':
    optional: true

  '@typescript/typescript-win32-x64@7.0.2':
    optional: true

  bip68@1.0.4: {}

  isomorphic-ws@5.0.0(ws@8.21.3):
    dependencies:
      ws: 8.21.3

  lodash.memoize@4.1.2: {}

  micro-packed@0.8.0:
    dependencies:
      '@scure/base': 2.0.0

  typescript@7.0.2:
    optionalDependencies:
      '@typescript/typescript-aix-ppc64': 7.0.2
      '@typescript/typescript-darwin-arm64': 7.0.2
      '@typescript/typescript-darwin-x64': 7.0.2
      '@typescript/typescript-freebsd-arm64': 7.0.2
      '@typescript/typescript-freebsd-x64': 7.0.2
      '@typescript/typescript-linux-arm': 7.0.2
      '@typescript/typescript-linux-arm64': 7.0.2
      '@typescript/typescript-linux-loong64': 7.0.2
      '@typescript/typescript-linux-mips64el': 7.0.2
      '@typescript/typescript-linux-ppc64': 7.0.2
      '@typescript/typescript-linux-riscv64': 7.0.2
      '@typescript/typescript-linux-s390x': 7.0.2
      '@typescript/typescript-linux-x64': 7.0.2
      '@typescript/typescript-netbsd-arm64': 7.0.2
      '@typescript/typescript-netbsd-x64': 7.0.2
      '@typescript/typescript-openbsd-arm64': 7.0.2
      '@typescript/typescript-openbsd-x64': 7.0.2
      '@typescript/typescript-sunos-x64': 7.0.2
      '@typescript/typescript-win32-arm64': 7.0.2
      '@typescript/typescript-win32-x64': 7.0.2

  uint8array-tools@0.0.10: {}

  uint8array-tools@0.0.9: {}

  undici-types@8.9.0: {}

  varuint-bitcoin@2.0.1:
    dependencies:
      uint8array-tools: 0.0.10

  ws-electrumx-client@1.0.5:
    dependencies:
      isomorphic-ws: 5.0.0(ws@8.21.3)
      ws: 8.21.3
    transitivePeerDependencies:
      - bufferutil
      - utf-8-validate

  ws@8.21.3: {}
